// !$*UTF8*$!
{
	archiveVersion = 1;
	classes = {
	};
	objectVersion = 77;
	objects = {

/* Begin PBXBuildFile section */
		A001 /* BYOKApp.swift in Sources */ = {isa = PBXBuildFile; fileRef = B001 /* BYOKApp.swift */; };
		A002 /* ChatView.swift in Sources */ = {isa = PBXBuildFile; fileRef = B002 /* ChatView.swift */; };
		A003 /* ChatViewModel.swift in Sources */ = {isa = PBXBuildFile; fileRef = B003 /* ChatViewModel.swift */; };
		A004 /* MessageBubble.swift in Sources */ = {isa = PBXBuildFile; fileRef = B004 /* MessageBubble.swift */; };
		A005 /* ChatMessage.swift in Sources */ = {isa = PBXBuildFile; fileRef = B005 /* ChatMessage.swift */; };
		A006 /* SettingsView.swift in Sources */ = {isa = PBXBuildFile; fileRef = B006 /* SettingsView.swift */; };
		A007 /* LLMProvider.swift in Sources */ = {isa = PBXBuildFile; fileRef = B007 /* LLMProvider.swift */; };
		A008 /* ModelDescriptor.swift in Sources */ = {isa = PBXBuildFile; fileRef = B008 /* ModelDescriptor.swift */; };
		A009 /* ProviderKind.swift in Sources */ = {isa = PBXBuildFile; fileRef = B009 /* ProviderKind.swift */; };
		A010 /* LLMError.swift in Sources */ = {isa = PBXBuildFile; fileRef = B010 /* LLMError.swift */; };
		A011 /* Cancellable.swift in Sources */ = {isa = PBXBuildFile; fileRef = B011 /* Cancellable.swift */; };
		A012 /* OpenRouterProvider.swift in Sources */ = {isa = PBXBuildFile; fileRef = B012 /* OpenRouterProvider.swift */; };
		A013 /* AnthropicProvider.swift in Sources */ = {isa = PBXBuildFile; fileRef = B013 /* AnthropicProvider.swift */; };
		A014 /* OpenAIProvider.swift in Sources */ = {isa = PBXBuildFile; fileRef = B014 /* OpenAIProvider.swift */; };
		A015 /* SSEStreamDecoder.swift in Sources */ = {isa = PBXBuildFile; fileRef = B015 /* SSEStreamDecoder.swift */; };
		A016 /* Secrets.swift in Sources */ = {isa = PBXBuildFile; fileRef = B016 /* Secrets.swift */; };
		A017 /* HTTPClient.swift in Sources */ = {isa = PBXBuildFile; fileRef = B017 /* HTTPClient.swift */; };
		A018 /* Haptics.swift in Sources */ = {isa = PBXBuildFile; fileRef = B018 /* Haptics.swift */; };
/* End PBXBuildFile section */

/* Begin PBXFileReference section */
		C001 /* BYOKApp.app */ = {isa = PBXFileReference; explicitFileType = wrapper.application; includeInIndex = 0; path = BYOKApp.app; sourceTree = BUILT_PRODUCTS_DIR; };
		B001 /* BYOKApp.swift */ = {isa = PBXFileReference; lastKnownFileType = sourcecode.swift; path = BYOKApp.swift; sourceTree = "<group>"; };
		B002 /* ChatView.swift */ = {isa = PBXFileReference; lastKnownFileType = sourcecode.swift; path = ChatView.swift; sourceTree = "<group>"; };
		B003 /* ChatViewModel.swift */ = {isa = PBXFileReference; lastKnownFileType = sourcecode.swift; path = ChatViewModel.swift; sourceTree = "<group>"; };
		B004 /* MessageBubble.swift */ = {isa = PBXFileReference; lastKnownFileType = sourcecode.swift; path = MessageBubble.swift; sourceTree = "<group>"; };
		B005 /* ChatMessage.swift */ = {isa = PBXFileReference; lastKnownFileType = sourcecode.swift; path = ChatMessage.swift; sourceTree = "<group>"; };
		B006 /* SettingsView.swift */ = {isa = PBXFileReference; lastKnownFileType = sourcecode.swift; path = SettingsView.swift; sourceTree = "<group>"; };
		B007 /* LLMProvider.swift */ = {isa = PBXFileReference; lastKnownFileType = sourcecode.swift; path = LLMProvider.swift; sourceTree = "<group>"; };
		B008 /* ModelDescriptor.swift */ = {isa = PBXFileReference; lastKnownFileType = sourcecode.swift; path = ModelDescriptor.swift; sourceTree = "<group>"; };
		B009 /* ProviderKind.swift */ = {isa = PBXFileReference; lastKnownFileType = sourcecode.swift; path = ProviderKind.swift; sourceTree = "<group>"; };
		B010 /* LLMError.swift */ = {isa = PBXFileReference; lastKnownFileType = sourcecode.swift; path = LLMError.swift; sourceTree = "<group>"; };
		B011 /* Cancellable.swift */ = {isa = PBXFileReference; lastKnownFileType = sourcecode.swift; path = Cancellable.swift; sourceTree = "<group>"; };
		B012 /* OpenRouterProvider.swift */ = {isa = PBXFileReference; lastKnownFileType = sourcecode.swift; path = OpenRouterProvider.swift; sourceTree = "<group>"; };
		B013 /* AnthropicProvider.swift */ = {isa = PBXFileReference; lastKnownFileType = sourcecode.swift; path = AnthropicProvider.swift; sourceTree = "<group>"; };
		B014 /* OpenAIProvider.swift */ = {isa = PBXFileReference; lastKnownFileType = sourcecode.swift; path = OpenAIProvider.swift; sourceTree = "<group>"; };
		B015 /* SSEStreamDecoder.swift */ = {isa = PBXFileReference; lastKnownFileType = sourcecode.swift; path = SSEStreamDecoder.swift; sourceTree = "<group>"; };
		B016 /* Secrets.swift */ = {isa = PBXFileReference; lastKnownFileType = sourcecode.swift; path = Secrets.swift; sourceTree = "<group>"; };
		B017 /* HTTPClient.swift */ = {isa = PBXFileReference; lastKnownFileType = sourcecode.swift; path = HTTPClient.swift; sourceTree = "<group>"; };
		B018 /* Haptics.swift */ = {isa = PBXFileReference; lastKnownFileType = sourcecode.swift; path = Haptics.swift; sourceTree = "<group>"; };
/* End PBXFileReference section */

/* Begin PBXFrameworksBuildPhase section */
		D001 /* Frameworks */ = {
			isa = PBXFrameworksBuildPhase;
			buildActionMask = 2147483647;
			files = (
			);
			runOnlyForDeploymentPostprocessing = 0;
		};
/* End PBXFrameworksBuildPhase section */

/* Begin PBXGroup section */
		E001 = {
			isa = PBXGroup;
			children = (
				E004 /* App */,
				E005 /* Features */,
				E006 /* LLM */,
				E007 /* Platform */,
				E008 /* Resources */,
				E003 /* Products */,
			);
			sourceTree = "<group>";
		};
		E003 /* Products */ = {
			isa = PBXGroup;
			children = (
				C001 /* BYOKApp.app */,
			);
			name = Products;
			sourceTree = "<group>";
		};
		E004 /* App */ = {
			isa = PBXGroup;
			children = (
				B001 /* BYOKApp.swift */,
			);
			path = App;
			sourceTree = "<group>";
		};
		E005 /* Features */ = {
			isa = PBXGroup;
			children = (
				E009 /* Chat */,
				E010 /* Settings */,
			);
			path = Features;
			sourceTree = "<group>";
		};
		E006 /* LLM */ = {
			isa = PBXGroup;
			children = (
				E011 /* Abstractions */,
				E012 /* Providers */,
				E013 /* Streaming */,
			);
			path = LLM;
			sourceTree = "<group>";
		};
		E007 /* Platform */ = {
			isa = PBXGroup;
			children = (
				E014 /* Keychain */,
				E015 /* Networking */,
				E016 /* Haptics */,
			);
			path = Platform;
			sourceTree = "<group>";
		};
		E008 /* Resources */ = {
			isa = PBXGroup;
			children = (
			);
			path = Resources;
			sourceTree = "<group>";
		};
		E009 /* Chat */ = {
			isa = PBXGroup;
			children = (
				B002 /* ChatView.swift */,
				B003 /* ChatViewModel.swift */,
				E017 /* Components */,
				E018 /* Models */,
			);
			path = Chat;
			sourceTree = "<group>";
		};
		E010 /* Settings */ = {
			isa = PBXGroup;
			children = (
				B006 /* SettingsView.swift */,
			);
			path = Settings;
			sourceTree = "<group>";
		};
		E011 /* Abstractions */ = {
			isa = PBXGroup;
			children = (
				B007 /* LLMProvider.swift */,
				B008 /* ModelDescriptor.swift */,
				B009 /* ProviderKind.swift */,
				B010 /* LLMError.swift */,
				B011 /* Cancellable.swift */,
			);
			path = Abstractions;
			sourceTree = "<group>";
		};
		E012 /* Providers */ = {
			isa = PBXGroup;
			children = (
				B012 /* OpenRouterProvider.swift */,
				B013 /* AnthropicProvider.swift */,
				B014 /* OpenAIProvider.swift */,
			);
			path = Providers;
			sourceTree = "<group>";
		};
		E013 /* Streaming */ = {
			isa = PBXGroup;
			children = (
				B015 /* SSEStreamDecoder.swift */,
			);
			path = Streaming;
			sourceTree = "<group>";
		};
		E014 /* Keychain */ = {
			isa = PBXGroup;
			children = (
				B016 /* Secrets.swift */,
			);
			path = Keychain;
			sourceTree = "<group>";
		};
		E015 /* Networking */ = {
			isa = PBXGroup;
			children = (
				B017 /* HTTPClient.swift */,
			);
			path = Networking;
			sourceTree = "<group>";
		};
		E016 /* Haptics */ = {
			isa = PBXGroup;
			children = (
				B018 /* Haptics.swift */,
			);
			path = Haptics;
			sourceTree = "<group>";
		};
		E017 /* Components */ = {
			isa = PBXGroup;
			children = (
				B004 /* MessageBubble.swift */,
			);
			path = Components;
			sourceTree = "<group>";
		};
		E018 /* Models */ = {
			isa = PBXGroup;
			children = (
				B005 /* ChatMessage.swift */,
			);
			path = Models;
			sourceTree = "<group>";
		};
/* End PBXGroup section */

/* Begin PBXNativeTarget section */
		F001 /* BYOKApp */ = {
			isa = PBXNativeTarget;
			buildConfigurationList = G001 /* Build configuration list for PBXNativeTarget "BYOKApp" */;
			buildPhases = (
				H001 /* Sources */,
				D001 /* Frameworks */,
			);
			buildRules = (
			);
			dependencies = (
			);
			name = BYOKApp;
			productName = BYOKApp;
			productReference = C001 /* BYOKApp.app */;
			productType = "com.apple.product-type.application";
		};
/* End PBXNativeTarget section */

/* Begin PBXProject section */
		I001 /* Project object */ = {
			isa = PBXProject;
			attributes = {
				BuildIndependentTargetsInParallel = 1;
				LastSwiftUpdateCheck = 1600;
				LastUpgradeCheck = 1600;
				TargetAttributes = {
					F001 = {
						CreatedOnToolsVersion = 16.0;
					};
				};
			};
			buildConfigurationList = G002 /* Build configuration list for PBXProject "BYOKApp" */;
			developmentRegion = en;
			hasScannedForEncodings = 0;
			knownRegions = (
				en,
				Base,
			);
			mainGroup = E001;
			minimizedProjectReferenceProxies = 1;
			preferredProjectObjectVersion = 77;
			productRefGroup = E003 /* Products */;
			projectDirPath = "";
			projectRoot = "";
			targets = (
				F001 /* BYOKApp */,
			);
		};
/* End PBXProject section */

/* Begin PBXSourcesBuildPhase section */
		H001 /* Sources */ = {
			isa = PBXSourcesBuildPhase;
			buildActionMask = 2147483647;
			files = (
				A001 /* BYOKApp.swift in Sources */,
				A002 /* ChatView.swift in Sources */,
				A003 /* ChatViewModel.swift in Sources */,
				A004 /* MessageBubble.swift in Sources */,
				A005 /* ChatMessage.swift in Sources */,
				A006 /* SettingsView.swift in Sources */,
				A007 /* LLMProvider.swift in Sources */,
				A008 /* ModelDescriptor.swift in Sources */,
				A009 /* ProviderKind.swift in Sources */,
				A010 /* LLMError.swift in Sources */,
				A011 /* Cancellable.swift in Sources */,
				A012 /* OpenRouterProvider.swift in Sources */,
				A013 /* AnthropicProvider.swift in Sources */,
				A014 /* OpenAIProvider.swift in Sources */,
				A015 /* SSEStreamDecoder.swift in Sources */,
				A016 /* Secrets.swift in Sources */,
				A017 /* HTTPClient.swift in Sources */,
				A018 /* Haptics.swift in Sources */,
			);
			runOnlyForDeploymentPostprocessing = 0;
		};
/* End PBXSourcesBuildPhase section */

/* Begin XCBuildConfiguration section */
		J001 /* Debug */ = {
			isa = XCBuildConfiguration;
			buildSettings = {
				ALWAYS_SEARCH_USER_PATHS = NO;
				ASSETCATALOG_COMPILER_GENERATE_SWIFT_ASSET_SYMBOL_EXTENSIONS = YES;
				CLANG_ANALYZER_NONNULL = YES;
				CLANG_ANALYZER_NUMBER_OBJECT_CONVERSION = YES_AGGRESSIVE;
				CLANG_CXX_LANGUAGE_STANDARD = "gnu++20";
				CLANG_ENABLE_MODULES = YES;
				CLANG_ENABLE_OBJC_ARC = YES;
				CLANG_ENABLE_OBJC_WEAK = YES;
				CLANG_WARN_BLOCK_CAPTURE_AUTORELEASING = YES;
				CLANG_WARN_BOOL_CONVERSION = YES;
				CLANG_WARN_COMMA = YES;
				CLANG_WARN_CONSTANT_CONVERSION = YES;
				CLANG_WARN_DEPRECATED_OBJC_IMPLEMENTATIONS = YES;
				CLANG_WARN_DIRECT_OBJC_ISA_USAGE = YES_ERROR;
				CLANG_WARN_DOCUMENTATION_COMMENTS = YES;
				CLANG_WARN_EMPTY_BODY = YES;
				CLANG_WARN_ENUM_CONVERSION = YES;
				CLANG_WARN_INFINITE_RECURSION = YES;
				CLANG_WARN_INT_CONVERSION = YES;
				CLANG_WARN_NON_LITERAL_NULL_CONVERSION = YES;
				CLANG_WARN_OBJC_IMPLICIT_RETAIN_SELF = YES;
				CLANG_WARN_OBJC_LITERAL_CONVERSION = YES;
				CLANG_WARN_OBJC_ROOT_CLASS = YES_ERROR;
				CLANG_WARN_QUOTED_INCLUDE_IN_FRAMEWORK_HEADER = YES;
				CLANG_WARN_RANGE_LOOP_ANALYSIS = YES;
				CLANG_WARN_STRICT_PROTOTYPES = YES;
				CLANG_WARN_SUSPICIOUS_MOVE = YES;
				CLANG_WARN_UNGUARDED_AVAILABILITY = YES_AGGRESSIVE;
				CLANG_WARN_UNREACHABLE_CODE = YES;
				CLANG_WARN__DUPLICATE_METHOD_MATCH = YES;
				COPY_PHASE_STRIP = NO;
				DEBUG_INFORMATION_FORMAT = dwarf;
				ENABLE_STRICT_OBJC_MSGSEND = YES;
				ENABLE_TESTABILITY = YES;
				ENABLE_USER_SCRIPT_SANDBOXING = YES;
				GCC_C_LANGUAGE_STANDARD = gnu17;
				GCC_DYNAMIC_NO_PIC = NO;
				GCC_NO_COMMON_BLOCKS = YES;
				GCC_OPTIMIZATION_LEVEL = 0;
				GCC_PREPROCESSOR_DEFINITIONS = (
					"DEBUG=1",
					"$(inherited)",
				);
				GCC_WARN_64_TO_32_BIT_CONVERSION = YES;
				GCC_WARN_ABOUT_RETURN_TYPE = YES_ERROR;
				GCC_WARN_UNDECLARED_SELECTOR = YES;
				GCC_WARN_UNINITIALIZED_AUTOS = YES_AGGRESSIVE;
				GCC_WARN_UNUSED_FUNCTION = YES;
				GCC_WARN_UNUSED_VARIABLE = YES;
				IPHONEOS_DEPLOYMENT_TARGET = 17.0;
				LOCALIZATION_PREFERS_STRING_CATALOGS = YES;
				MTL_ENABLE_DEBUG_INFO = INCLUDE_SOURCE;
				MTL_FAST_MATH = YES;
				ONLY_ACTIVE_ARCH = YES;
				SWIFT_ACTIVE_COMPILATION_CONDITIONS = "DEBUG $(inherited)";
				SWIFT_OPTIMIZATION_LEVEL = "-Onone";
				SWIFT_VERSION = 5.0;
				SWIFT_STRICT_CONCURRENCY = minimal;
			};
			name = Debug;
		};
		J002 /* Release */ = {
			isa = XCBuildConfiguration;
			buildSettings = {
				ALWAYS_SEARCH_USER_PATHS = NO;
				ASSETCATALOG_COMPILER_GENERATE_SWIFT_ASSET_SYMBOL_EXTENSIONS = YES;
				CLANG_ANALYZER_NONNULL = YES;
				CLANG_ANALYZER_NUMBER_OBJECT_CONVERSION = YES_AGGRESSIVE;
				CLANG_CXX_LANGUAGE_STANDARD = "gnu++20";
				CLANG_ENABLE_MODULES = YES;
				CLANG_ENABLE_OBJC_ARC = YES;
				CLANG_ENABLE_OBJC_WEAK = YES;
				CLANG_WARN_BLOCK_CAPTURE_AUTORELEASING = YES;
				CLANG_WARN_BOOL_CONVERSION = YES;
				CLANG_WARN_COMMA = YES;
				CLANG_WARN_CONSTANT_CONVERSION = YES;
				CLANG_WARN_DEPRECATED_OBJC_IMPLEMENTATIONS = YES;
				CLANG_WARN_DIRECT_OBJC_ISA_USAGE = YES_ERROR;
				CLANG_WARN_DOCUMENTATION_COMMENTS = YES;
				CLANG_WARN_EMPTY_BODY = YES;
				CLANG_WARN_ENUM_CONVERSION = YES;
				CLANG_WARN_INFINITE_RECURSION = YES;
				CLANG_WARN_INT_CONVERSION = YES;
				CLANG_WARN_NON_LITERAL_NULL_CONVERSION = YES;
				CLANG_WARN_OBJC_IMPLICIT_RETAIN_SELF = YES;
				CLANG_WARN_OBJC_LITERAL_CONVERSION = YES;
				CLANG_WARN_OBJC_ROOT_CLASS = YES_ERROR;
				CLANG_WARN_QUOTED_INCLUDE_IN_FRAMEWORK_HEADER = YES;
				CLANG_WARN_RANGE_LOOP_ANALYSIS = YES;
				CLANG_WARN_STRICT_PROTOTYPES = YES;
				CLANG_WARN_SUSPICIOUS_MOVE = YES;
				CLANG_WARN_UNGUARDED_AVAILABILITY = YES_AGGRESSIVE;
				CLANG_WARN_UNREACHABLE_CODE = YES;
				CLANG_WARN__DUPLICATE_METHOD_MATCH = YES;
				COPY_PHASE_STRIP = NO;
				DEBUG_INFORMATION_FORMAT = "dwarf-with-dsym";
				ENABLE_NS_ASSERTIONS = NO;
				ENABLE_STRICT_OBJC_MSGSEND = YES;
				ENABLE_USER_SCRIPT_SANDBOXING = YES;
				GCC_C_LANGUAGE_STANDARD = gnu17;
				GCC_NO_COMMON_BLOCKS = YES;
				GCC_WARN_64_TO_32_BIT_CONVERSION = YES;
				GCC_WARN_ABOUT_RETURN_TYPE = YES_ERROR;
				GCC_WARN_UNDECLARED_SELECTOR = YES;
				GCC_WARN_UNINITIALIZED_AUTOS = YES_AGGRESSIVE;
				GCC_WARN_UNUSED_FUNCTION = YES;
				GCC_WARN_UNUSED_VARIABLE = YES;
				IPHONEOS_DEPLOYMENT_TARGET = 17.0;
				LOCALIZATION_PREFERS_STRING_CATALOGS = YES;
				MTL_ENABLE_DEBUG_INFO = NO;
				MTL_FAST_MATH = YES;
				SWIFT_COMPILATION_MODE = wholemodule;
				SWIFT_VERSION = 5.0;
				SWIFT_STRICT_CONCURRENCY = minimal;
			};
			name = Release;
		};
		K001 /* Debug */ = {
			isa = XCBuildConfiguration;
			buildSettings = {
				ASSETCATALOG_COMPILER_APPICON_NAME = AppIcon;
				CODE_SIGN_STYLE = Automatic;
				CURRENT_PROJECT_VERSION = 1;
				DEVELOPMENT_TEAM = "";
				GENERATE_INFOPLIST_FILE = YES;
				INFOPLIST_KEY_UIApplicationSceneManifest_Generation = YES;
				INFOPLIST_KEY_UIApplicationSupportsIndirectInputEvents = YES;
				INFOPLIST_KEY_UILaunchScreen_Generation = YES;
				INFOPLIST_KEY_UISupportedInterfaceOrientations = UIInterfaceOrientationPortrait;
				INFOPLIST_KEY_UISupportedInterfaceOrientations_iPad = "UIInterfaceOrientationLandscapeLeft UIInterfaceOrientationLandscapeRight UIInterfaceOrientationPortrait UIInterfaceOrientationPortraitUpsideDown";
				LD_RUNPATH_SEARCH_PATHS = (
					"$(inherited)",
					"@executable_path/Frameworks",
				);
				MARKETING_VERSION = 1.0;
				PRODUCT_BUNDLE_IDENTIFIER = com.aether.BYOKApp;
				PRODUCT_NAME = "$(TARGET_NAME)";
				SUPPORTED_PLATFORMS = "iphoneos iphonesimulator";
				SUPPORTS_MACCATALYST = NO;
				SWIFT_EMIT_LOC_STRINGS = YES;
				TARGETED_DEVICE_FAMILY = 1;
			};
			name = Debug;
		};
		K002 /* Release */ = {
			isa = XCBuildConfiguration;
			buildSettings = {
				ASSETCATALOG_COMPILER_APPICON_NAME = AppIcon;
				CODE_SIGN_STYLE = Automatic;
				CURRENT_PROJECT_VERSION = 1;
				DEVELOPMENT_TEAM = "";
				GENERATE_INFOPLIST_FILE = YES;
				INFOPLIST_KEY_UIApplicationSceneManifest_Generation = YES;
				INFOPLIST_KEY_UIApplicationSupportsIndirectInputEvents = YES;
				INFOPLIST_KEY_UILaunchScreen_Generation = YES;
				INFOPLIST_KEY_UISupportedInterfaceOrientations = UIInterfaceOrientationPortrait;
				INFOPLIST_KEY_UISupportedInterfaceOrientations_iPad = "UIInterfaceOrientationLandscapeLeft UIInterfaceOrientationLandscapeRight UIInterfaceOrientationPortrait UIInterfaceOrientationPortraitUpsideDown";
				LD_RUNPATH_SEARCH_PATHS = (
					"$(inherited)",
					"@executable_path/Frameworks",
				);
				MARKETING_VERSION = 1.0;
				PRODUCT_BUNDLE_IDENTIFIER = com.aether.BYOKApp;
				PRODUCT_NAME = "$(TARGET_NAME)";
				SUPPORTED_PLATFORMS = "iphoneos iphonesimulator";
				SUPPORTS_MACCATALYST = NO;
				SWIFT_EMIT_LOC_STRINGS = YES;
				TARGETED_DEVICE_FAMILY = 1;
			};
			name = Release;
		};
/* End XCBuildConfiguration section */

/* Begin XCConfigurationList section */
		G001 /* Build configuration list for PBXNativeTarget "BYOKApp" */ = {
			isa = XCConfigurationList;
			buildConfigurations = (
				K001 /* Debug */,
				K002 /* Release */,
			);
			defaultConfigurationIsVisible = 0;
			defaultConfigurationName = Release;
		};
		G002 /* Build configuration list for PBXProject "BYOKApp" */ = {
			isa = XCConfigurationList;
			buildConfigurations = (
				J001 /* Debug */,
				J002 /* Release */,
			);
			defaultConfigurationIsVisible = 0;
			defaultConfigurationName = Release;
		};
/* End XCConfigurationList section */
	};
	rootObject = I001 /* Project object */;
}